<?xml version="1.0" encoding="utf-8"?>
<Project ToolsVersion="4.0" xmlns="http://schemas.microsoft.com/developer/msbuild/2003">
  <ItemGroup>
    <Filter Include="Source Files">
      <UniqueIdentifier>{4FC737F1-C7A5-4376-A066-2A32D752A2FF}</UniqueIdentifier>
      <Extensions>cpp;c;cc;cxx;def;odl;idl;hpj;bat;asm;asmx</Extensions>
    </Filter>
    <Filter Include="Header Files">
      <UniqueIdentifier>{93995380-89BD-4b04-88EB-625FBE52EBFB}</UniqueIdentifier>
      <Extensions>h;hh;hpp;hxx;hm;inl;inc;xsd</Extensions>
    </Filter>
    <Filter Include="Resource Files">
      <UniqueIdentifier>{67DA6AB6-F800-4c08-8B7A-83BB121AAD01}</UniqueIdentifier>
      <Extensions>rc;ico;cur;bmp;dlg;rc2;rct;bin;rgs;gif;jpg;jpeg;jpe;resx;tiff;tif;png;wav;mfcribbon-ms</Extensions>
    </Filter>
    <Filter Include="D3D9XUtil">
      <UniqueIdentifier>{9a9e3928-6d21-4978-b99f-7bac4cebd649}</UniqueIdentifier>
    </Filter>
    <Filter Include="Source Files\SpriteClass">
      <UniqueIdentifier>{5e9bc8ce-4922-466f-a597-4470a2fb8b50}</UniqueIdentifier>
    </Filter>
    <Filter Include="Images">
      <UniqueIdentifier>{51f3e882-7526-4f92-8873-e68fbc1b7458}</UniqueIdentifier>
    </Filter>
    <Filter Include="Source Files\MapClass">
      <UniqueIdentifier>{af0d9cc8-616c-406c-a6d6-708abd9177e8}</UniqueIdentifier>
    </Filter>
    <Filter Include="Source Files\XMLParser">
      <UniqueIdentifier>{9364d10f-6425-4c1f-9963-ada7a768a280}</UniqueIdentifier>
    </Filter>
    <Filter Include="Source Files\TMXParser">
      <UniqueIdentifier>{ca70a013-526a-499b-ae5f-8b4351a64d3f}</UniqueIdentifier>
    </Filter>
    <Filter Include="Source Files\AnimationClass">
      <UniqueIdentifier>{42eaa7c2-d70f-4c1b-bbe7-adb8dcfc8adc}</UniqueIdentifier>
    </Filter>
    <Filter Include="Source Files\GameObjectFactory">
      <UniqueIdentifier>{2f38a1c0-7869-47d9-83c9-d8960f4fbb39}</UniqueIdentifier>
    </Filter>
    <Filter Include="Source Files\GameObjects">
      <UniqueIdentifier>{e24a3d30-4f33-44a9-b8ed-2010bf21c882}</UniqueIdentifier>
    </Filter>
    <Filter Include="Source Files\GameObjects\PlayerClass">
      <UniqueIdentifier>{4abde77a-00f9-42b9-8684-885933d7fecb}</UniqueIdentifier>
    </Filter>
    <Filter Include="Source Files\CameraClass">
      <UniqueIdentifier>{c95b1d51-0350-4d02-a16c-bcb73e5dc40e}</UniqueIdentifier>
    </Filter>
    <Filter Include="Source Files\Util">
      <UniqueIdentifier>{8c465864-8a22-4a0b-a016-aaeea31c5052}</UniqueIdentifier>
    </Filter>
    <Filter Include="Source Files\SpriteClass\base">
      <UniqueIdentifier>{5c9e7eee-d2cc-41ab-bd60-dde09b1088c8}</UniqueIdentifier>
    </Filter>
  </ItemGroup>
  <ItemGroup>
    <Text Include="ReadMe.txt" />
  </ItemGroup>
  <ItemGroup>
    <ClInclude Include="stdafx.h">
      <Filter>Header Files</Filter>
    </ClInclude>
    <ClInclude Include="targetver.h">
      <Filter>Header Files</Filter>
    </ClInclude>
    <ClInclude Include="Resource.h">
      <Filter>Header Files</Filter>
    </ClInclude>
    <ClInclude Include="d3dUtility.h">
      <Filter>D3D9XUtil</Filter>
    </ClInclude>
    <ClInclude Include="GameMap.h">
      <Filter>Source Files\MapClass</Filter>
    </ClInclude>
    <ClInclude Include="TinyXML-2\tinyxml2.h">
      <Filter>Source Files\XMLParser</Filter>
    </ClInclude>
    <ClInclude Include="TMXParser.h">
      <Filter>Source Files\TMXParser</Filter>
    </ClInclude>
    <ClInclude Include="GameObjectFactory.h">
      <Filter>Source Files\GameObjectFactory</Filter>
    </ClInclude>
    <ClInclude Include="GameObject.h">
      <Filter>Source Files\GameObjectFactory</Filter>
    </ClInclude>
    <ClInclude Include="Player.h">
      <Filter>Source Files\GameObjects\PlayerClass</Filter>
    </ClInclude>
    <ClInclude Include="PlayerFactory.h">
      <Filter>Source Files\GameObjects\PlayerClass</Filter>
    </ClInclude>
    <ClInclude Include="Simple2DCamera.h">
      <Filter>Source Files\CameraClass</Filter>
    </ClInclude>
    <ClInclude Include="Animation.h">
      <Filter>Source Files\AnimationClass</Filter>
    </ClInclude>
    <ClInclude Include="WorldMap.h">
      <Filter>Source Files\MapClass</Filter>
    </ClInclude>
    <ClInclude Include="kojeomDebugLogger.h">
      <Filter>Source Files\Util</Filter>
    </ClInclude>
    <ClInclude Include="StringUtil.h">
      <Filter>Source Files\Util</Filter>
    </ClInclude>
    <ClInclude Include="Game2DSprite.h">
      <Filter>Source Files\SpriteClass\base</Filter>
    </ClInclude>
    <ClInclude Include="Player2DSprite.h">
      <Filter>Source Files\SpriteClass</Filter>
    </ClInclude>
    <ClInclude Include="GameMap2DSprite.h">
      <Filter>Source Files\SpriteClass</Filter>
    </ClInclude>
    <ClInclude Include="main.h">
      <Filter>Source Files</Filter>
    </ClInclude>
  </ItemGroup>
  <ItemGroup>
    <ClCompile Include="stdafx.cpp">
      <Filter>Source Files</Filter>
    </ClCompile>
    <ClCompile Include="d3dUtility.cpp">
      <Filter>D3D9XUtil</Filter>
    </ClCompile>
    <ClCompile Include="GameMap.cpp">
      <Filter>Source Files\MapClass</Filter>
    </ClCompile>
    <ClCompile Include="TinyXML-2\tinyxml2.cpp">
      <Filter>Source Files\XMLParser</Filter>
    </ClCompile>
    <ClCompile Include="TMXParser.cpp">
      <Filter>Source Files\TMXParser</Filter>
    </ClCompile>
    <ClCompile Include="GameObjectFactory.cpp">
      <Filter>Source Files\GameObjectFactory</Filter>
    </ClCompile>
    <ClCompile Include="GameObject.cpp">
      <Filter>Source Files\GameObjectFactory</Filter>
    </ClCompile>
    <ClCompile Include="Player.cpp">
      <Filter>Source Files\GameObjects\PlayerClass</Filter>
    </ClCompile>
    <ClCompile Include="PlayerFactory.cpp">
      <Filter>Source Files\GameObjects\PlayerClass</Filter>
    </ClCompile>
    <ClCompile Include="Simple2DCamera.cpp">
      <Filter>Source Files\CameraClass</Filter>
    </ClCompile>
    <ClCompile Include="main.cpp">
      <Filter>Source Files</Filter>
    </ClCompile>
    <ClCompile Include="Animation.cpp">
      <Filter>Source Files\AnimationClass</Filter>
    </ClCompile>
    <ClCompile Include="WorldMap.cpp">
      <Filter>Source Files\MapClass</Filter>
    </ClCompile>
    <ClCompile Include="kojeomDebugLogger.cpp">
      <Filter>Source Files\Util</Filter>
    </ClCompile>
    <ClCompile Include="StringUtil.cpp">
      <Filter>Source Files\Util</Filter>
    </ClCompile>
    <ClCompile Include="Game2DSprite.cpp">
      <Filter>Source Files\SpriteClass\base</Filter>
    </ClCompile>
    <ClCompile Include="Player2DSprite.cpp">
      <Filter>Source Files\SpriteClass</Filter>
    </ClCompile>
    <ClCompile Include="GameMap2DSprite.cpp">
      <Filter>Source Files\SpriteClass</Filter>
    </ClCompile>
  </ItemGroup>
  <ItemGroup>
    <ResourceCompile Include="test2DGame.rc">
      <Filter>Resource Files</Filter>
    </ResourceCompile>
  </ItemGroup>
  <ItemGroup>
    <Image Include="small.ico">
      <Filter>Resource Files</Filter>
    </Image>
    <Image Include="test2DGame.ico">
      <Filter>Resource Files</Filter>
    </Image>
    <Image Include="GameResources\ch00.png">
      <Filter>Images</Filter>
    </Image>
  </ItemGroup>
</Project>